{
    "_meta": {
        "hash": {
            "sha256": "72a4d023fa9b3e91c3f47283129fb20bca67e61e971d7e2db04b95e9ed44a49f"
        },
        "pipfile-spec": 6,
        "requires": {
            "python_full_version": "3.11.0",
            "python_version": "3.11"
        },
        "sources": [
            {
                "name": "pypi",
                "url": "https://pypi.org/simple",
                "verify_ssl": true
            }
        ]
    },
    "default": {
        "asgiref": {
            "hashes": [
                "sha256:89b2ef2247e3b562a16eef663bc0e2e703ec6468e2fa8a5cd61cd449786d4f6e",
                "sha256:9e0ce3aa93a819ba5b45120216b23878cf6e8525eb3848653452b4192b92afed"
            ],
            "markers": "python_version >= '3.7'",
            "version": "==3.7.2"
        },
        "django": {
            "hashes": [
                "sha256:8e0f1c2c2786b5c0e39fe1afce24c926040fad47c8ea8ad30aaf1188df29fc41",
                "sha256:e1d37c51ad26186de355cbcec16613ebdabfa9689bbade9c538835205a8abbe9"
            ],
            "index": "pypi",
            "version": "==4.2.7"
        },
        "generics": {
            "hashes": [
                "sha256:4a0390dae5000d17f11624ac6fc465b472201816532b07ae958500b7c2388904",
                "sha256:ed71d45b3422edb601cdcbad6bd5cd81d5909f908725c7530b38d3b8a188bf1e"
            ],
            "index": "pypi",
            "version": "==6.0.0"
        },
        "sqlparse": {
            "hashes": [
                "sha256:5430a4fe2ac7d0f93e66f1efc6e1338a41884b7ddf2a350cedd20ccc4d9d28f3",
                "sha256:d446183e84b8349fa3061f0fe7f06ca94ba65b426946ffebe6e3e8295332420c"
            ],
            "markers": "python_version >= '3.5'",
            "version": "==0.4.4"
        }
    },
    "develop": {}
}
